
Microsoft Visual Studio Solution File, Format Version 12.00
# Visual Studio Version 17
VisualStudioVersion = 17.4.33205.214
MinimumVisualStudioVersion = 10.0.40219.1
Project("{9A19103F-16F7-4668-BE54-9A1E7A4F7556}") = "MyAspNetCoreApp.Web", "MyAspNetCoreApp.Web\MyAspNetCoreApp.Web.csproj", "{50BF0A5C-46AB-4CE1-86CB-B5C3CDDA4699}"
EndProject
Project("{FAE04EC0-301F-11D3-BF4B-00C04F79EFBC}") = "MiddlewareExample.Web", "MiddlewareExample.Web\MiddlewareExample.Web.csproj", "{4527C43B-921C-4CAC-8936-3A4E3DD16399}"
EndProject
Global
	GlobalSection(SolutionConfigurationPlatforms) = preSolution
		Debug|Any CPU = Debug|Any CPU
		Release|Any CPU = Release|Any CPU
	EndGlobalSection
	GlobalSection(ProjectConfigurationPlatforms) = postSolution
		{50BF0A5C-46AB-4CE1-86CB-B5C3CDDA4699}.Debug|Any CPU.ActiveCfg = Debug|Any CPU
		{50BF0A5C-46AB-4CE1-86CB-B5C3CDDA4699}.Debug|Any CPU.Build.0 = Debug|Any CPU
		{50BF0A5C-46AB-4CE1-86CB-B5C3CDDA4699}.Release|Any CPU.ActiveCfg = Release|Any CPU
		{50BF0A5C-46AB-4CE1-86CB-B5C3CDDA4699}.Release|Any CPU.Build.0 = Release|Any CPU
		{4527C43B-921C-4CAC-8936-3A4E3DD16399}.Debug|Any CPU.ActiveCfg = Debug|Any CPU
		{4527C43B-921C-4CAC-8936-3A4E3DD16399}.Debug|Any CPU.Build.0 = Debug|Any CPU
		{4527C43B-921C-4CAC-8936-3A4E3DD16399}.Release|Any CPU.ActiveCfg = Release|Any CPU
		{4527C43B-921C-4CAC-8936-3A4E3DD16399}.Release|Any CPU.Build.0 = Release|Any CPU
	EndGlobalSection
	GlobalSection(SolutionProperties) = preSolution
		HideSolutionNode = FALSE
	EndGlobalSection
	GlobalSection(ExtensibilityGlobals) = postSolution
		SolutionGuid = {C6307C76-542A-4E09-AC90-8B6903486F68}
	EndGlobalSection
EndGlobal
